// !$*UTF8*$!
{
	archiveVersion = 1;
	classes = {
	};
	objectVersion = 56;
	objects = {

/* Begin PBXBuildFile section */
		03DFA58884D0AD01D40DCD1B /* Pods_MarioJump.framework in Frameworks */ = {isa = PBXBuildFile; fileRef = 8B5E0C1F07FD3014674F4CCA /* Pods_MarioJump.framework */; };
		D05C78832A10968F00267863 /* MarioJumpApp.swift in Sources */ = {isa = PBXBuildFile; fileRef = D05C78822A10968F00267863 /* MarioJumpApp.swift */; };
		D05C78872A10969000267863 /* Assets.xcassets in Resources */ = {isa = PBXBuildFile; fileRef = D05C78862A10969000267863 /* Assets.xcassets */; };
		D05C788A2A10969000267863 /* Preview Assets.xcassets in Resources */ = {isa = PBXBuildFile; fileRef = D05C78892A10969000267863 /* Preview Assets.xcassets */; };
		D09CE3772A12575E009C9134 /* DungGeunMo.otf in Resources */ = {isa = PBXBuildFile; fileRef = D09CE3762A12575E009C9134 /* DungGeunMo.otf */; };
		D0AAFEAF2A1A164F005829FB /* GameView.swift in Sources */ = {isa = PBXBuildFile; fileRef = D0AAFEAE2A1A164F005829FB /* GameView.swift */; };
		D0AAFEB22A1A16C6005829FB /* GameViewModel.swift in Sources */ = {isa = PBXBuildFile; fileRef = D0AAFEB12A1A16C6005829FB /* GameViewModel.swift */; };
		D0AAFEB52A1A1925005829FB /* GameModel.swift in Sources */ = {isa = PBXBuildFile; fileRef = D0AAFEB42A1A1925005829FB /* GameModel.swift */; };
/* End PBXBuildFile section */

/* Begin PBXFileReference section */
		4AB964B0CD2C6A1369EE69F2 /* Pods-MarioJump.debug.xcconfig */ = {isa = PBXFileReference; includeInIndex = 1; lastKnownFileType = text.xcconfig; name = "Pods-MarioJump.debug.xcconfig"; path = "Target Support Files/Pods-MarioJump/Pods-MarioJump.debug.xcconfig"; sourceTree = "<group>"; };
		8B5E0C1F07FD3014674F4CCA /* Pods_MarioJump.framework */ = {isa = PBXFileReference; explicitFileType = wrapper.framework; includeInIndex = 0; path = Pods_MarioJump.framework; sourceTree = BUILT_PRODUCTS_DIR; };
		A23A4491539E1EB0D0F1A45F /* Pods-MarioJump.release.xcconfig */ = {isa = PBXFileReference; includeInIndex = 1; lastKnownFileType = text.xcconfig; name = "Pods-MarioJump.release.xcconfig"; path = "Target Support Files/Pods-MarioJump/Pods-MarioJump.release.xcconfig"; sourceTree = "<group>"; };
		D05C787F2A10968F00267863 /* MarioJump.app */ = {isa = PBXFileReference; explicitFileType = wrapper.application; includeInIndex = 0; path = MarioJump.app; sourceTree = BUILT_PRODUCTS_DIR; };
		D05C78822A10968F00267863 /* MarioJumpApp.swift */ = {isa = PBXFileReference; lastKnownFileType = sourcecode.swift; path = MarioJumpApp.swift; sourceTree = "<group>"; };
		D05C78862A10969000267863 /* Assets.xcassets */ = {isa = PBXFileReference; lastKnownFileType = folder.assetcatalog; path = Assets.xcassets; sourceTree = "<group>"; };
		D05C78892A10969000267863 /* Preview Assets.xcassets */ = {isa = PBXFileReference; lastKnownFileType = folder.assetcatalog; path = "Preview Assets.xcassets"; sourceTree = "<group>"; };
		D09CE3762A12575E009C9134 /* DungGeunMo.otf */ = {isa = PBXFileReference; lastKnownFileType = file; name = DungGeunMo.otf; path = ../../../../../Downloads/DungGeunMo.otf; sourceTree = "<group>"; };
		D09CE3782A1258D5009C9134 /* Info.plist */ = {isa = PBXFileReference; lastKnownFileType = text.plist; path = Info.plist; sourceTree = "<group>"; };
		D0AAFEAE2A1A164F005829FB /* GameView.swift */ = {isa = PBXFileReference; lastKnownFileType = sourcecode.swift; path = GameView.swift; sourceTree = "<group>"; };
		D0AAFEB12A1A16C6005829FB /* GameViewModel.swift */ = {isa = PBXFileReference; lastKnownFileType = sourcecode.swift; path = GameViewModel.swift; sourceTree = "<group>"; };
		D0AAFEB42A1A1925005829FB /* GameModel.swift */ = {isa = PBXFileReference; lastKnownFileType = sourcecode.swift; path = GameModel.swift; sourceTree = "<group>"; };
/* End PBXFileReference section */

/* Begin PBXFrameworksBuildPhase section */
		D05C787C2A10968F00267863 /* Frameworks */ = {
			isa = PBXFrameworksBuildPhase;
			buildActionMask = 2147483647;
			files = (
				03DFA58884D0AD01D40DCD1B /* Pods_MarioJump.framework in Frameworks */,
			);
			runOnlyForDeploymentPostprocessing = 0;
		};
/* End PBXFrameworksBuildPhase section */

/* Begin PBXGroup section */
		051C8334C71A713025176C82 /* Frameworks */ = {
			isa = PBXGroup;
			children = (
				8B5E0C1F07FD3014674F4CCA /* Pods_MarioJump.framework */,
			);
			name = Frameworks;
			sourceTree = "<group>";
		};
		91BE76DD5729939520DBB8CF /* Pods */ = {
			isa = PBXGroup;
			children = (
				4AB964B0CD2C6A1369EE69F2 /* Pods-MarioJump.debug.xcconfig */,
				A23A4491539E1EB0D0F1A45F /* Pods-MarioJump.release.xcconfig */,
			);
			path = Pods;
			sourceTree = "<group>";
		};
		D05C78762A10968F00267863 = {
			isa = PBXGroup;
			children = (
				D05C78812A10968F00267863 /* MarioJump */,
				D05C78802A10968F00267863 /* Products */,
				91BE76DD5729939520DBB8CF /* Pods */,
				051C8334C71A713025176C82 /* Frameworks */,
			);
			sourceTree = "<group>";
		};
		D05C78802A10968F00267863 /* Products */ = {
			isa = PBXGroup;
			children = (
				D05C787F2A10968F00267863 /* MarioJump.app */,
			);
			name = Products;
			sourceTree = "<group>";
		};
		D05C78812A10968F00267863 /* MarioJump */ = {
			isa = PBXGroup;
			children = (
				D0AAFEB32A1A1918005829FB /* Model */,
				D0AAFEB02A1A16B1005829FB /* ViewModel */,
				D0AAFEAD2A1A1634005829FB /* View */,
				D09CE3782A1258D5009C9134 /* Info.plist */,
				D09CE3752A125736009C9134 /* font */,
				D05C78822A10968F00267863 /* MarioJumpApp.swift */,
				D05C78862A10969000267863 /* Assets.xcassets */,
				D05C78882A10969000267863 /* Preview Content */,
			);
			path = MarioJump;
			sourceTree = "<group>";
		};
		D05C78882A10969000267863 /* Preview Content */ = {
			isa = PBXGroup;
			children = (
				D05C78892A10969000267863 /* Preview Assets.xcassets */,
			);
			path = "Preview Content";
			sourceTree = "<group>";
		};
		D09CE3752A125736009C9134 /* font */ = {
			isa = PBXGroup;
			children = (
				D09CE3762A12575E009C9134 /* DungGeunMo.otf */,
			);
			path = font;
			sourceTree = "<group>";
		};
		D0AAFEAD2A1A1634005829FB /* View */ = {
			isa = PBXGroup;
			children = (
				D0AAFEAE2A1A164F005829FB /* GameView.swift */,
			);
			path = View;
			sourceTree = "<group>";
		};
		D0AAFEB02A1A16B1005829FB /* ViewModel */ = {
			isa = PBXGroup;
			children = (
				D0AAFEB12A1A16C6005829FB /* GameViewModel.swift */,
			);
			path = ViewModel;
			sourceTree = "<group>";
		};
		D0AAFEB32A1A1918005829FB /* Model */ = {
			isa = PBXGroup;
			children = (
				D0AAFEB42A1A1925005829FB /* GameModel.swift */,
			);
			path = Model;
			sourceTree = "<group>";
		};
/* End PBXGroup section */

/* Begin PBXNativeTarget section */
		D05C787E2A10968F00267863 /* MarioJump */ = {
			isa = PBXNativeTarget;
			buildConfigurationList = D05C788D2A10969000267863 /* Build configuration list for PBXNativeTarget "MarioJump" */;
			buildPhases = (
				0B08EBB5E58CF9F218A9FCE4 /* [CP] Check Pods Manifest.lock */,
				D05C787B2A10968F00267863 /* Sources */,
				D05C787C2A10968F00267863 /* Frameworks */,
				D05C787D2A10968F00267863 /* Resources */,
				43F2272931F8745D17AD4B79 /* [CP] Embed Pods Frameworks */,
			);
			buildRules = (
			);
			dependencies = (
			);
			name = MarioJump;
			productName = MarioJump;
			productReference = D05C787F2A10968F00267863 /* MarioJump.app */;
			productType = "com.apple.product-type.application";
		};
/* End PBXNativeTarget section */

/* Begin PBXProject section */
		D05C78772A10968F00267863 /* Project object */ = {
			isa = PBXProject;
			attributes = {
				BuildIndependentTargetsInParallel = 1;
				LastSwiftUpdateCheck = 1420;
				LastUpgradeCheck = 1420;
				TargetAttributes = {
					D05C787E2A10968F00267863 = {
						CreatedOnToolsVersion = 14.2;
					};
				};
			};
			buildConfigurationList = D05C787A2A10968F00267863 /* Build configuration list for PBXProject "MarioJump" */;
			compatibilityVersion = "Xcode 14.0";
			developmentRegion = en;
			hasScannedForEncodings = 0;
			knownRegions = (
				en,
				Base,
			);
			mainGroup = D05C78762A10968F00267863;
			productRefGroup = D05C78802A10968F00267863 /* Products */;
			projectDirPath = "";
			projectRoot = "";
			targets = (
				D05C787E2A10968F00267863 /* MarioJump */,
			);
		};
/* End PBXProject section */

/* Begin PBXResourcesBuildPhase section */
		D05C787D2A10968F00267863 /* Resources */ = {
			isa = PBXResourcesBuildPhase;
			buildActionMask = 2147483647;
			files = (
				D05C788A2A10969000267863 /* Preview Assets.xcassets in Resources */,
				D09CE3772A12575E009C9134 /* DungGeunMo.otf in Resources */,
				D05C78872A10969000267863 /* Assets.xcassets in Resources */,
			);
			runOnlyForDeploymentPostprocessing = 0;
		};
/* End PBXResourcesBuildPhase section */

/* Begin PBXShellScriptBuildPhase section */
		0B08EBB5E58CF9F218A9FCE4 /* [CP] Check Pods Manifest.lock */ = {
			isa = PBXShellScriptBuildPhase;
			buildActionMask = 2147483647;
			files = (
			);
			inputFileListPaths = (
			);
			inputPaths = (
				"${PODS_PODFILE_DIR_PATH}/Podfile.lock",
				"${PODS_ROOT}/Manifest.lock",
			);
			name = "[CP] Check Pods Manifest.lock";
			outputFileListPaths = (
			);
			outputPaths = (
				"$(DERIVED_FILE_DIR)/Pods-MarioJump-checkManifestLockResult.txt",
			);
			runOnlyForDeploymentPostprocessing = 0;
			shellPath = /bin/sh;
			shellScript = "diff \"${PODS_PODFILE_DIR_PATH}/Podfile.lock\" \"${PODS_ROOT}/Manifest.lock\" > /dev/null\nif [ $? != 0 ] ; then\n    # print error to STDERR\n    echo \"error: The sandbox is not in sync with the Podfile.lock. Run 'pod install' or update your CocoaPods installation.\" >&2\n    exit 1\nfi\n# This output is used by Xcode 'outputs' to avoid re-running this script phase.\necho \"SUCCESS\" > \"${SCRIPT_OUTPUT_FILE_0}\"\n";
			showEnvVarsInLog = 0;
		};
		43F2272931F8745D17AD4B79 /* [CP] Embed Pods Frameworks */ = {
			isa = PBXShellScriptBuildPhase;
			buildActionMask = 2147483647;
			files = (
			);
			inputFileListPaths = (
				"${PODS_ROOT}/Target Support Files/Pods-MarioJump/Pods-MarioJump-frameworks-${CONFIGURATION}-input-files.xcfilelist",
			);
			name = "[CP] Embed Pods Frameworks";
			outputFileListPaths = (
				"${PODS_ROOT}/Target Support Files/Pods-MarioJump/Pods-MarioJump-frameworks-${CONFIGURATION}-output-files.xcfilelist",
			);
			runOnlyForDeploymentPostprocessing = 0;
			shellPath = /bin/sh;
			shellScript = "\"${PODS_ROOT}/Target Support Files/Pods-MarioJump/Pods-MarioJump-frameworks.sh\"\n";
			showEnvVarsInLog = 0;
		};
/* End PBXShellScriptBuildPhase section */

/* Begin PBXSourcesBuildPhase section */
		D05C787B2A10968F00267863 /* Sources */ = {
			isa = PBXSourcesBuildPhase;
			buildActionMask = 2147483647;
			files = (
				D0AAFEB52A1A1925005829FB /* GameModel.swift in Sources */,
				D0AAFEB22A1A16C6005829FB /* GameViewModel.swift in Sources */,
				D0AAFEAF2A1A164F005829FB /* GameView.swift in Sources */,
				D05C78832A10968F00267863 /* MarioJumpApp.swift in Sources */,
			);
			runOnlyForDeploymentPostprocessing = 0;
		};
/* End PBXSourcesBuildPhase section */

/* Begin XCBuildConfiguration section */
		D05C788B2A10969000267863 /* Debug */ = {
			isa = XCBuildConfiguration;
			buildSettings = {
				ALWAYS_SEARCH_USER_PATHS = NO;
				CLANG_ANALYZER_NONNULL = YES;
				CLANG_ANALYZER_NUMBER_OBJECT_CONVERSION = YES_AGGRESSIVE;
				CLANG_CXX_LANGUAGE_STANDARD = "gnu++20";
				CLANG_ENABLE_MODULES = YES;
				CLANG_ENABLE_OBJC_ARC = YES;
				CLANG_ENABLE_OBJC_WEAK = YES;
				CLANG_WARN_BLOCK_CAPTURE_AUTORELEASING = YES;
				CLANG_WARN_BOOL_CONVERSION = YES;
				CLANG_WARN_COMMA = YES;
				CLANG_WARN_CONSTANT_CONVERSION = YES;
				CLANG_WARN_DEPRECATED_OBJC_IMPLEMENTATIONS = YES;
				CLANG_WARN_DIRECT_OBJC_ISA_USAGE = YES_ERROR;
				CLANG_WARN_DOCUMENTATION_COMMENTS = YES;
				CLANG_WARN_EMPTY_BODY = YES;
				CLANG_WARN_ENUM_CONVERSION = YES;
				CLANG_WARN_INFINITE_RECURSION = YES;
				CLANG_WARN_INT_CONVERSION = YES;
				CLANG_WARN_NON_LITERAL_NULL_CONVERSION = YES;
				CLANG_WARN_OBJC_IMPLICIT_RETAIN_SELF = YES;
				CLANG_WARN_OBJC_LITERAL_CONVERSION = YES;
				CLANG_WARN_OBJC_ROOT_CLASS = YES_ERROR;
				CLANG_WARN_QUOTED_INCLUDE_IN_FRAMEWORK_HEADER = YES;
				CLANG_WARN_RANGE_LOOP_ANALYSIS = YES;
				CLANG_WARN_STRICT_PROTOTYPES = YES;
				CLANG_WARN_SUSPICIOUS_MOVE = YES;
				CLANG_WARN_UNGUARDED_AVAILABILITY = YES_AGGRESSIVE;
				CLANG_WARN_UNREACHABLE_CODE = YES;
				CLANG_WARN__DUPLICATE_METHOD_MATCH = YES;
				COPY_PHASE_STRIP = NO;
				DEBUG_INFORMATION_FORMAT = dwarf;
				ENABLE_STRICT_OBJC_MSGSEND = YES;
				ENABLE_TESTABILITY = YES;
				GCC_C_LANGUAGE_STANDARD = gnu11;
				GCC_DYNAMIC_NO_PIC = NO;
				GCC_NO_COMMON_BLOCKS = YES;
				GCC_OPTIMIZATION_LEVEL = 0;
				GCC_PREPROCESSOR_DEFINITIONS = (
					"DEBUG=1",
					"$(inherited)",
				);
				GCC_WARN_64_TO_32_BIT_CONVERSION = YES;
				GCC_WARN_ABOUT_RETURN_TYPE = YES_ERROR;
				GCC_WARN_UNDECLARED_SELECTOR = YES;
				GCC_WARN_UNINITIALIZED_AUTOS = YES_AGGRESSIVE;
				GCC_WARN_UNUSED_FUNCTION = YES;
				GCC_WARN_UNUSED_VARIABLE = YES;
				IPHONEOS_DEPLOYMENT_TARGET = 16.2;
				MTL_ENABLE_DEBUG_INFO = INCLUDE_SOURCE;
				MTL_FAST_MATH = YES;
				ONLY_ACTIVE_ARCH = YES;
				SDKROOT = iphoneos;
				SWIFT_ACTIVE_COMPILATION_CONDITIONS = DEBUG;
				SWIFT_OPTIMIZATION_LEVEL = "-Onone";
			};
			name = Debug;
		};
		D05C788C2A10969000267863 /* Release */ = {
			isa = XCBuildConfiguration;
			buildSettings = {
				ALWAYS_SEARCH_USER_PATHS = NO;
				CLANG_ANALYZER_NONNULL = YES;
				CLANG_ANALYZER_NUMBER_OBJECT_CONVERSION = YES_AGGRESSIVE;
				CLANG_CXX_LANGUAGE_STANDARD = "gnu++20";
				CLANG_ENABLE_MODULES = YES;
				CLANG_ENABLE_OBJC_ARC = YES;
				CLANG_ENABLE_OBJC_WEAK = YES;
				CLANG_WARN_BLOCK_CAPTURE_AUTORELEASING = YES;
				CLANG_WARN_BOOL_CONVERSION = YES;
				CLANG_WARN_COMMA = YES;
				CLANG_WARN_CONSTANT_CONVERSION = YES;
				CLANG_WARN_DEPRECATED_OBJC_IMPLEMENTATIONS = YES;
				CLANG_WARN_DIRECT_OBJC_ISA_USAGE = YES_ERROR;
				CLANG_WARN_DOCUMENTATION_COMMENTS = YES;
				CLANG_WARN_EMPTY_BODY = YES;
				CLANG_WARN_ENUM_CONVERSION = YES;
				CLANG_WARN_INFINITE_RECURSION = YES;
				CLANG_WARN_INT_CONVERSION = YES;
				CLANG_WARN_NON_LITERAL_NULL_CONVERSION = YES;
				CLANG_WARN_OBJC_IMPLICIT_RETAIN_SELF = YES;
				CLANG_WARN_OBJC_LITERAL_CONVERSION = YES;
				CLANG_WARN_OBJC_ROOT_CLASS = YES_ERROR;
				CLANG_WARN_QUOTED_INCLUDE_IN_FRAMEWORK_HEADER = YES;
				CLANG_WARN_RANGE_LOOP_ANALYSIS = YES;
				CLANG_WARN_STRICT_PROTOTYPES = YES;
				CLANG_WARN_SUSPICIOUS_MOVE = YES;
				CLANG_WARN_UNGUARDED_AVAILABILITY = YES_AGGRESSIVE;
				CLANG_WARN_UNREACHABLE_CODE = YES;
				CLANG_WARN__DUPLICATE_METHOD_MATCH = YES;
				COPY_PHASE_STRIP = NO;
				DEBUG_INFORMATION_FORMAT = "dwarf-with-dsym";
				ENABLE_NS_ASSERTIONS = NO;
				ENABLE_STRICT_OBJC_MSGSEND = YES;
				GCC_C_LANGUAGE_STANDARD = gnu11;
				GCC_NO_COMMON_BLOCKS = YES;
				GCC_WARN_64_TO_32_BIT_CONVERSION = YES;
				GCC_WARN_ABOUT_RETURN_TYPE = YES_ERROR;
				GCC_WARN_UNDECLARED_SELECTOR = YES;
				GCC_WARN_UNINITIALIZED_AUTOS = YES_AGGRESSIVE;
				GCC_WARN_UNUSED_FUNCTION = YES;
				GCC_WARN_UNUSED_VARIABLE = YES;
				IPHONEOS_DEPLOYMENT_TARGET = 16.2;
				MTL_ENABLE_DEBUG_INFO = NO;
				MTL_FAST_MATH = YES;
				SDKROOT = iphoneos;
				SWIFT_COMPILATION_MODE = wholemodule;
				SWIFT_OPTIMIZATION_LEVEL = "-O";
				VALIDATE_PRODUCT = YES;
			};
			name = Release;
		};
		D05C788E2A10969000267863 /* Debug */ = {
			isa = XCBuildConfiguration;
			baseConfigurationReference = 4AB964B0CD2C6A1369EE69F2 /* Pods-MarioJump.debug.xcconfig */;
			buildSettings = {
				ASSETCATALOG_COMPILER_APPICON_NAME = AppIcon;
				ASSETCATALOG_COMPILER_GLOBAL_ACCENT_COLOR_NAME = AccentColor;
				CODE_SIGN_IDENTITY = "Apple Development";
				CODE_SIGN_STYLE = Automatic;
				CURRENT_PROJECT_VERSION = 1;
				DEVELOPMENT_ASSET_PATHS = "\"MarioJump/Preview Content\"";
				DEVELOPMENT_TEAM = QTL2CJ24ZK;
				ENABLE_PREVIEWS = YES;
				GENERATE_INFOPLIST_FILE = YES;
				INFOPLIST_FILE = MarioJump/Info.plist;
				INFOPLIST_KEY_UIApplicationSceneManifest_Generation = YES;
				INFOPLIST_KEY_UIApplicationSupportsIndirectInputEvents = YES;
				INFOPLIST_KEY_UILaunchScreen_Generation = YES;
				INFOPLIST_KEY_UISupportedInterfaceOrientations_iPad = "UIInterfaceOrientationPortrait UIInterfaceOrientationPortraitUpsideDown UIInterfaceOrientationLandscapeLeft UIInterfaceOrientationLandscapeRight";
				INFOPLIST_KEY_UISupportedInterfaceOrientations_iPhone = "UIInterfaceOrientationPortrait UIInterfaceOrientationLandscapeLeft UIInterfaceOrientationLandscapeRight";
				LD_RUNPATH_SEARCH_PATHS = (
					"$(inherited)",
					"@executable_path/Frameworks",
				);
				MARKETING_VERSION = 1.0;
				PRODUCT_BUNDLE_IDENTIFIER = com.jyj.MarioJump;
				PRODUCT_NAME = "$(TARGET_NAME)";
				PROVISIONING_PROFILE_SPECIFIER = "";
				SWIFT_EMIT_LOC_STRINGS = YES;
				SWIFT_VERSION = 5.0;
				TARGETED_DEVICE_FAMILY = "1,2";
			};
			name = Debug;
		};
		D05C788F2A10969000267863 /* Release */ = {
			isa = XCBuildConfiguration;
			baseConfigurationReference = A23A4491539E1EB0D0F1A45F /* Pods-MarioJump.release.xcconfig */;
			buildSettings = {
				ASSETCATALOG_COMPILER_APPICON_NAME = AppIcon;
				ASSETCATALOG_COMPILER_GLOBAL_ACCENT_COLOR_NAME = AccentColor;
				CODE_SIGN_IDENTITY = "Apple Development";
				CODE_SIGN_STYLE = Automatic;
				CURRENT_PROJECT_VERSION = 1;
				DEVELOPMENT_ASSET_PATHS = "\"MarioJump/Preview Content\"";
				DEVELOPMENT_TEAM = QTL2CJ24ZK;
				ENABLE_PREVIEWS = YES;
				GENERATE_INFOPLIST_FILE = YES;
				INFOPLIST_FILE = MarioJump/Info.plist;
				INFOPLIST_KEY_UIApplicationSceneManifest_Generation = YES;
				INFOPLIST_KEY_UIApplicationSupportsIndirectInputEvents = YES;
				INFOPLIST_KEY_UILaunchScreen_Generation = YES;
				INFOPLIST_KEY_UISupportedInterfaceOrientations_iPad = "UIInterfaceOrientationPortrait UIInterfaceOrientationPortraitUpsideDown UIInterfaceOrientationLandscapeLeft UIInterfaceOrientationLandscapeRight";
				INFOPLIST_KEY_UISupportedInterfaceOrientations_iPhone = "UIInterfaceOrientationPortrait UIInterfaceOrientationLandscapeLeft UIInterfaceOrientationLandscapeRight";
				LD_RUNPATH_SEARCH_PATHS = (
					"$(inherited)",
					"@executable_path/Frameworks",
				);
				MARKETING_VERSION = 1.0;
				PRODUCT_BUNDLE_IDENTIFIER = com.jyj.MarioJump;
				PRODUCT_NAME = "$(TARGET_NAME)";
				PROVISIONING_PROFILE_SPECIFIER = "";
				SWIFT_EMIT_LOC_STRINGS = YES;
				SWIFT_VERSION = 5.0;
				TARGETED_DEVICE_FAMILY = "1,2";
			};
			name = Release;
		};
/* End XCBuildConfiguration section */

/* Begin XCConfigurationList section */
		D05C787A2A10968F00267863 /* Build configuration list for PBXProject "MarioJump" */ = {
			isa = XCConfigurationList;
			buildConfigurations = (
				D05C788B2A10969000267863 /* Debug */,
				D05C788C2A10969000267863 /* Release */,
			);
			defaultConfigurationIsVisible = 0;
			defaultConfigurationName = Release;
		};
		D05C788D2A10969000267863 /* Build configuration list for PBXNativeTarget "MarioJump" */ = {
			isa = XCConfigurationList;
			buildConfigurations = (
				D05C788E2A10969000267863 /* Debug */,
				D05C788F2A10969000267863 /* Release */,
			);
			defaultConfigurationIsVisible = 0;
			defaultConfigurationName = Release;
		};
/* End XCConfigurationList section */
	};
	rootObject = D05C78772A10968F00267863 /* Project object */;
}
